// !$*UTF8*$!
{
	archiveVersion = 1;
	classes = {
	};
	objectVersion = 50;
	objects = {

/* Begin PBXBuildFile section */
		71445C868EBED26D91DEAD65 /* libPods-StashCoachTests.a in Frameworks */ = {isa = PBXBuildFile; fileRef = A27F2984769E4817E613BB73 /* libPods-StashCoachTests.a */; };
		82FC7C1E724F007E8CE63361 /* libPods-StashCoach.a in Frameworks */ = {isa = PBXBuildFile; fileRef = 430BC2BEB9C85355B2C176B8 /* libPods-StashCoach.a */; };
		94F05501713FCF2EEFEDC84B /* libPods-StashCoachUITests.a in Frameworks */ = {isa = PBXBuildFile; fileRef = BD676E53689AFB51C88E9CD3 /* libPods-StashCoachUITests.a */; };
		9FFF8E3E221DF2D9004B190B /* AppDelegate.swift in Sources */ = {isa = PBXBuildFile; fileRef = 9FFF8E3D221DF2D9004B190B /* AppDelegate.swift */; };
		9FFF8E45221DF2DA004B190B /* Assets.xcassets in Resources */ = {isa = PBXBuildFile; fileRef = 9FFF8E44221DF2DA004B190B /* Assets.xcassets */; };
		9FFF8E48221DF2DA004B190B /* LaunchScreen.storyboard in Resources */ = {isa = PBXBuildFile; fileRef = 9FFF8E46221DF2DA004B190B /* LaunchScreen.storyboard */; };
		9FFF8E53221DF2DA004B190B /* StashCoachTests.swift in Sources */ = {isa = PBXBuildFile; fileRef = 9FFF8E52221DF2DA004B190B /* StashCoachTests.swift */; };
		9FFF8E5E221DF2DA004B190B /* StashCoachUITests.swift in Sources */ = {isa = PBXBuildFile; fileRef = 9FFF8E5D221DF2DA004B190B /* StashCoachUITests.swift */; };
		9FFF8E6E221DF370004B190B /* achievements.json in Resources */ = {isa = PBXBuildFile; fileRef = 9FFF8E6D221DF370004B190B /* achievements.json */; };
		9FFF8E75221DF3F8004B190B /* AchievementsViewController.swift in Sources */ = {isa = PBXBuildFile; fileRef = 9FFF8E74221DF3F8004B190B /* AchievementsViewController.swift */; };
		9FFF8E77221DF412004B190B /* AchievementsInteractor.swift in Sources */ = {isa = PBXBuildFile; fileRef = 9FFF8E76221DF412004B190B /* AchievementsInteractor.swift */; };
		9FFF8E79221DF426004B190B /* AchievementsPresenter.swift in Sources */ = {isa = PBXBuildFile; fileRef = 9FFF8E78221DF426004B190B /* AchievementsPresenter.swift */; };
		9FFF8E7B221DF448004B190B /* CoachModel.swift in Sources */ = {isa = PBXBuildFile; fileRef = 9FFF8E7A221DF448004B190B /* CoachModel.swift */; };
		9FFF8E7D221DF456004B190B /* AchievementsRouter.swift in Sources */ = {isa = PBXBuildFile; fileRef = 9FFF8E7C221DF456004B190B /* AchievementsRouter.swift */; };
		9FFF8E80221E051B004B190B /* Default-568h@2x.png in Resources */ = {isa = PBXBuildFile; fileRef = 9FFF8E7F221E051B004B190B /* Default-568h@2x.png */; };
		9FFF8E83221E066D004B190B /* Util.swift in Sources */ = {isa = PBXBuildFile; fileRef = 9FFF8E82221E066D004B190B /* Util.swift */; };
		9FFF8E85221E0A31004B190B /* AchievementsContract.swift in Sources */ = {isa = PBXBuildFile; fileRef = 9FFF8E84221E0A31004B190B /* AchievementsContract.swift */; };
		9FFF8E89221E0CB6004B190B /* AchievementCollectionViewCell.swift in Sources */ = {isa = PBXBuildFile; fileRef = 9FFF8E87221E0CB6004B190B /* AchievementCollectionViewCell.swift */; };
		9FFF8E8A221E0CB6004B190B /* AchievementCollectionViewCell.xib in Resources */ = {isa = PBXBuildFile; fileRef = 9FFF8E88221E0CB6004B190B /* AchievementCollectionViewCell.xib */; };
/* End PBXBuildFile section */

/* Begin PBXContainerItemProxy section */
		9FFF8E4F221DF2DA004B190B /* PBXContainerItemProxy */ = {
			isa = PBXContainerItemProxy;
			containerPortal = 9FFF8E32221DF2D8004B190B /* Project object */;
			proxyType = 1;
			remoteGlobalIDString = 9FFF8E39221DF2D8004B190B;
			remoteInfo = StashCoach;
		};
		9FFF8E5A221DF2DA004B190B /* PBXContainerItemProxy */ = {
			isa = PBXContainerItemProxy;
			containerPortal = 9FFF8E32221DF2D8004B190B /* Project object */;
			proxyType = 1;
			remoteGlobalIDString = 9FFF8E39221DF2D8004B190B;
			remoteInfo = StashCoach;
		};
/* End PBXContainerItemProxy section */

/* Begin PBXFileReference section */
		1384E4BB8CA7BCA7F6B24BC3 /* Pods-StashCoach.release.xcconfig */ = {isa = PBXFileReference; includeInIndex = 1; lastKnownFileType = text.xcconfig; name = "Pods-StashCoach.release.xcconfig"; path = "Target Support Files/Pods-StashCoach/Pods-StashCoach.release.xcconfig"; sourceTree = "<group>"; };
		430BC2BEB9C85355B2C176B8 /* libPods-StashCoach.a */ = {isa = PBXFileReference; explicitFileType = archive.ar; includeInIndex = 0; path = "libPods-StashCoach.a"; sourceTree = BUILT_PRODUCTS_DIR; };
		4FB7E5962373E0961E9EEFE9 /* Pods-StashCoach.debug.xcconfig */ = {isa = PBXFileReference; includeInIndex = 1; lastKnownFileType = text.xcconfig; name = "Pods-StashCoach.debug.xcconfig"; path = "Target Support Files/Pods-StashCoach/Pods-StashCoach.debug.xcconfig"; sourceTree = "<group>"; };
		53C745D6444536E2783ED144 /* Pods-StashCoachUITests.release.xcconfig */ = {isa = PBXFileReference; includeInIndex = 1; lastKnownFileType = text.xcconfig; name = "Pods-StashCoachUITests.release.xcconfig"; path = "Target Support Files/Pods-StashCoachUITests/Pods-StashCoachUITests.release.xcconfig"; sourceTree = "<group>"; };
		565C5EEBAFFD915311C3AA56 /* Pods-StashCoachTests.debug.xcconfig */ = {isa = PBXFileReference; includeInIndex = 1; lastKnownFileType = text.xcconfig; name = "Pods-StashCoachTests.debug.xcconfig"; path = "Target Support Files/Pods-StashCoachTests/Pods-StashCoachTests.debug.xcconfig"; sourceTree = "<group>"; };
		75BE340B6B85CD2B88FE9A7D /* Pods-StashCoachTests.release.xcconfig */ = {isa = PBXFileReference; includeInIndex = 1; lastKnownFileType = text.xcconfig; name = "Pods-StashCoachTests.release.xcconfig"; path = "Target Support Files/Pods-StashCoachTests/Pods-StashCoachTests.release.xcconfig"; sourceTree = "<group>"; };
		90BD8E3E70F6FA3278BE3BC7 /* Pods-StashCoachUITests.debug.xcconfig */ = {isa = PBXFileReference; includeInIndex = 1; lastKnownFileType = text.xcconfig; name = "Pods-StashCoachUITests.debug.xcconfig"; path = "Target Support Files/Pods-StashCoachUITests/Pods-StashCoachUITests.debug.xcconfig"; sourceTree = "<group>"; };
		9FFF8E3A221DF2D9004B190B /* StashCoach.app */ = {isa = PBXFileReference; explicitFileType = wrapper.application; includeInIndex = 0; path = StashCoach.app; sourceTree = BUILT_PRODUCTS_DIR; };
		9FFF8E3D221DF2D9004B190B /* AppDelegate.swift */ = {isa = PBXFileReference; lastKnownFileType = sourcecode.swift; path = AppDelegate.swift; sourceTree = "<group>"; };
		9FFF8E44221DF2DA004B190B /* Assets.xcassets */ = {isa = PBXFileReference; lastKnownFileType = folder.assetcatalog; path = Assets.xcassets; sourceTree = "<group>"; };
		9FFF8E47221DF2DA004B190B /* Base */ = {isa = PBXFileReference; lastKnownFileType = file.storyboard; name = Base; path = Base.lproj/LaunchScreen.storyboard; sourceTree = "<group>"; };
		9FFF8E49221DF2DA004B190B /* Info.plist */ = {isa = PBXFileReference; lastKnownFileType = text.plist.xml; path = Info.plist; sourceTree = "<group>"; };
		9FFF8E4E221DF2DA004B190B /* StashCoachTests.xctest */ = {isa = PBXFileReference; explicitFileType = wrapper.cfbundle; includeInIndex = 0; path = StashCoachTests.xctest; sourceTree = BUILT_PRODUCTS_DIR; };
		9FFF8E52221DF2DA004B190B /* StashCoachTests.swift */ = {isa = PBXFileReference; lastKnownFileType = sourcecode.swift; path = StashCoachTests.swift; sourceTree = "<group>"; };
		9FFF8E54221DF2DA004B190B /* Info.plist */ = {isa = PBXFileReference; lastKnownFileType = text.plist.xml; path = Info.plist; sourceTree = "<group>"; };
		9FFF8E59221DF2DA004B190B /* StashCoachUITests.xctest */ = {isa = PBXFileReference; explicitFileType = wrapper.cfbundle; includeInIndex = 0; path = StashCoachUITests.xctest; sourceTree = BUILT_PRODUCTS_DIR; };
		9FFF8E5D221DF2DA004B190B /* StashCoachUITests.swift */ = {isa = PBXFileReference; lastKnownFileType = sourcecode.swift; path = StashCoachUITests.swift; sourceTree = "<group>"; };
		9FFF8E5F221DF2DA004B190B /* Info.plist */ = {isa = PBXFileReference; lastKnownFileType = text.plist.xml; path = Info.plist; sourceTree = "<group>"; };
		9FFF8E6D221DF370004B190B /* achievements.json */ = {isa = PBXFileReference; fileEncoding = 4; lastKnownFileType = text.json; path = achievements.json; sourceTree = "<group>"; };
		9FFF8E74221DF3F8004B190B /* AchievementsViewController.swift */ = {isa = PBXFileReference; lastKnownFileType = sourcecode.swift; path = AchievementsViewController.swift; sourceTree = "<group>"; };
		9FFF8E76221DF412004B190B /* AchievementsInteractor.swift */ = {isa = PBXFileReference; lastKnownFileType = sourcecode.swift; path = AchievementsInteractor.swift; sourceTree = "<group>"; };
		9FFF8E78221DF426004B190B /* AchievementsPresenter.swift */ = {isa = PBXFileReference; lastKnownFileType = sourcecode.swift; path = AchievementsPresenter.swift; sourceTree = "<group>"; };
		9FFF8E7A221DF448004B190B /* CoachModel.swift */ = {isa = PBXFileReference; lastKnownFileType = sourcecode.swift; path = CoachModel.swift; sourceTree = "<group>"; };
		9FFF8E7C221DF456004B190B /* AchievementsRouter.swift */ = {isa = PBXFileReference; lastKnownFileType = sourcecode.swift; path = AchievementsRouter.swift; sourceTree = "<group>"; };
		9FFF8E7F221E051B004B190B /* Default-568h@2x.png */ = {isa = PBXFileReference; lastKnownFileType = image.png; path = "Default-568h@2x.png"; sourceTree = "<group>"; };
		9FFF8E82221E066D004B190B /* Util.swift */ = {isa = PBXFileReference; lastKnownFileType = sourcecode.swift; path = Util.swift; sourceTree = "<group>"; };
		9FFF8E84221E0A31004B190B /* AchievementsContract.swift */ = {isa = PBXFileReference; lastKnownFileType = sourcecode.swift; path = AchievementsContract.swift; sourceTree = "<group>"; };
		9FFF8E87221E0CB6004B190B /* AchievementCollectionViewCell.swift */ = {isa = PBXFileReference; lastKnownFileType = sourcecode.swift; path = AchievementCollectionViewCell.swift; sourceTree = "<group>"; };
		9FFF8E88221E0CB6004B190B /* AchievementCollectionViewCell.xib */ = {isa = PBXFileReference; lastKnownFileType = file.xib; path = AchievementCollectionViewCell.xib; sourceTree = "<group>"; };
		A27F2984769E4817E613BB73 /* libPods-StashCoachTests.a */ = {isa = PBXFileReference; explicitFileType = archive.ar; includeInIndex = 0; path = "libPods-StashCoachTests.a"; sourceTree = BUILT_PRODUCTS_DIR; };
		BD676E53689AFB51C88E9CD3 /* libPods-StashCoachUITests.a */ = {isa = PBXFileReference; explicitFileType = archive.ar; includeInIndex = 0; path = "libPods-StashCoachUITests.a"; sourceTree = BUILT_PRODUCTS_DIR; };
/* End PBXFileReference section */

/* Begin PBXFrameworksBuildPhase section */
		9FFF8E37221DF2D8004B190B /* Frameworks */ = {
			isa = PBXFrameworksBuildPhase;
			buildActionMask = 2147483647;
			files = (
				82FC7C1E724F007E8CE63361 /* libPods-StashCoach.a in Frameworks */,
			);
			runOnlyForDeploymentPostprocessing = 0;
		};
		9FFF8E4B221DF2DA004B190B /* Frameworks */ = {
			isa = PBXFrameworksBuildPhase;
			buildActionMask = 2147483647;
			files = (
				71445C868EBED26D91DEAD65 /* libPods-StashCoachTests.a in Frameworks */,
			);
			runOnlyForDeploymentPostprocessing = 0;
		};
		9FFF8E56221DF2DA004B190B /* Frameworks */ = {
			isa = PBXFrameworksBuildPhase;
			buildActionMask = 2147483647;
			files = (
				94F05501713FCF2EEFEDC84B /* libPods-StashCoachUITests.a in Frameworks */,
			);
			runOnlyForDeploymentPostprocessing = 0;
		};
/* End PBXFrameworksBuildPhase section */

/* Begin PBXGroup section */
		4743A84B27E34C1E4ACD3164 /* Pods */ = {
			isa = PBXGroup;
			children = (
				4FB7E5962373E0961E9EEFE9 /* Pods-StashCoach.debug.xcconfig */,
				1384E4BB8CA7BCA7F6B24BC3 /* Pods-StashCoach.release.xcconfig */,
				565C5EEBAFFD915311C3AA56 /* Pods-StashCoachTests.debug.xcconfig */,
				75BE340B6B85CD2B88FE9A7D /* Pods-StashCoachTests.release.xcconfig */,
				90BD8E3E70F6FA3278BE3BC7 /* Pods-StashCoachUITests.debug.xcconfig */,
				53C745D6444536E2783ED144 /* Pods-StashCoachUITests.release.xcconfig */,
			);
			path = Pods;
			sourceTree = "<group>";
		};
		84837B2A3B70C0AA7118995E /* Frameworks */ = {
			isa = PBXGroup;
			children = (
				430BC2BEB9C85355B2C176B8 /* libPods-StashCoach.a */,
				A27F2984769E4817E613BB73 /* libPods-StashCoachTests.a */,
				BD676E53689AFB51C88E9CD3 /* libPods-StashCoachUITests.a */,
			);
			name = Frameworks;
			sourceTree = "<group>";
		};
		9FFF8E31221DF2D8004B190B = {
			isa = PBXGroup;
			children = (
				9FFF8E3D221DF2D9004B190B /* AppDelegate.swift */,
				9FFF8E3C221DF2D9004B190B /* StashCoach */,
				9FFF8E6B221DF325004B190B /* App_Resources */,
				9FFF8E51221DF2DA004B190B /* StashCoachTests */,
				9FFF8E5C221DF2DA004B190B /* StashCoachUITests */,
				9FFF8E3B221DF2D9004B190B /* Products */,
				4743A84B27E34C1E4ACD3164 /* Pods */,
				84837B2A3B70C0AA7118995E /* Frameworks */,
			);
			sourceTree = "<group>";
		};
		9FFF8E3B221DF2D9004B190B /* Products */ = {
			isa = PBXGroup;
			children = (
				9FFF8E3A221DF2D9004B190B /* StashCoach.app */,
				9FFF8E4E221DF2DA004B190B /* StashCoachTests.xctest */,
				9FFF8E59221DF2DA004B190B /* StashCoachUITests.xctest */,
			);
			name = Products;
			sourceTree = "<group>";
		};
		9FFF8E3C221DF2D9004B190B /* StashCoach */ = {
			isa = PBXGroup;
			children = (
				9FFF8E86221E0AC5004B190B /* Achievements */,
			);
			path = StashCoach;
			sourceTree = "<group>";
		};
		9FFF8E51221DF2DA004B190B /* StashCoachTests */ = {
			isa = PBXGroup;
			children = (
				9FFF8E52221DF2DA004B190B /* StashCoachTests.swift */,
				9FFF8E54221DF2DA004B190B /* Info.plist */,
			);
			path = StashCoachTests;
			sourceTree = "<group>";
		};
		9FFF8E5C221DF2DA004B190B /* StashCoachUITests */ = {
			isa = PBXGroup;
			children = (
				9FFF8E5D221DF2DA004B190B /* StashCoachUITests.swift */,
				9FFF8E5F221DF2DA004B190B /* Info.plist */,
			);
			path = StashCoachUITests;
			sourceTree = "<group>";
		};
		9FFF8E6B221DF325004B190B /* App_Resources */ = {
			isa = PBXGroup;
			children = (
				9FFF8E49221DF2DA004B190B /* Info.plist */,
				9FFF8E7F221E051B004B190B /* Default-568h@2x.png */,
				9FFF8E46221DF2DA004B190B /* LaunchScreen.storyboard */,
				9FFF8E44221DF2DA004B190B /* Assets.xcassets */,
			);
			path = App_Resources;
			sourceTree = "<group>";
		};
		9FFF8E6C221DF34F004B190B /* Data */ = {
			isa = PBXGroup;
			children = (
				9FFF8E6D221DF370004B190B /* achievements.json */,
			);
			path = Data;
			sourceTree = "<group>";
		};
		9FFF8E6F221DF37C004B190B /* Entity */ = {
			isa = PBXGroup;
			children = (
				9FFF8E7A221DF448004B190B /* CoachModel.swift */,
			);
			path = Entity;
			sourceTree = "<group>";
		};
		9FFF8E70221DF385004B190B /* View */ = {
			isa = PBXGroup;
			children = (
				9FFF8E74221DF3F8004B190B /* AchievementsViewController.swift */,
				9FFF8E87221E0CB6004B190B /* AchievementCollectionViewCell.swift */,
				9FFF8E88221E0CB6004B190B /* AchievementCollectionViewCell.xib */,
			);
			path = View;
			sourceTree = "<group>";
		};
		9FFF8E71221DF38B004B190B /* Presenter */ = {
			isa = PBXGroup;
			children = (
				9FFF8E78221DF426004B190B /* AchievementsPresenter.swift */,
			);
			path = Presenter;
			sourceTree = "<group>";
		};
		9FFF8E72221DF395004B190B /* Interactor */ = {
			isa = PBXGroup;
			children = (
				9FFF8E76221DF412004B190B /* AchievementsInteractor.swift */,
			);
			path = Interactor;
			sourceTree = "<group>";
		};
		9FFF8E73221DF39C004B190B /* Router */ = {
			isa = PBXGroup;
			children = (
				9FFF8E7C221DF456004B190B /* AchievementsRouter.swift */,
			);
			path = Router;
			sourceTree = "<group>";
		};
		9FFF8E81221E0650004B190B /* Utilities */ = {
			isa = PBXGroup;
			children = (
				9FFF8E82221E066D004B190B /* Util.swift */,
			);
			path = Utilities;
			sourceTree = "<group>";
		};
		9FFF8E86221E0AC5004B190B /* Achievements */ = {
			isa = PBXGroup;
			children = (
				9FFF8E84221E0A31004B190B /* AchievementsContract.swift */,
				9FFF8E70221DF385004B190B /* View */,
				9FFF8E72221DF395004B190B /* Interactor */,
				9FFF8E71221DF38B004B190B /* Presenter */,
				9FFF8E6F221DF37C004B190B /* Entity */,
				9FFF8E73221DF39C004B190B /* Router */,
				9FFF8E6C221DF34F004B190B /* Data */,
				9FFF8E81221E0650004B190B /* Utilities */,
			);
			path = Achievements;
			sourceTree = "<group>";
		};
/* End PBXGroup section */

/* Begin PBXNativeTarget section */
		9FFF8E39221DF2D8004B190B /* StashCoach */ = {
			isa = PBXNativeTarget;
			buildConfigurationList = 9FFF8E62221DF2DA004B190B /* Build configuration list for PBXNativeTarget "StashCoach" */;
			buildPhases = (
				1A9E89BB627D230BC11FC054 /* [CP] Check Pods Manifest.lock */,
				9FFF8E36221DF2D8004B190B /* Sources */,
				9FFF8E37221DF2D8004B190B /* Frameworks */,
				9FFF8E38221DF2D8004B190B /* Resources */,
				9FFF8E8B221E74D7004B190B /* ShellScript */,
			);
			buildRules = (
			);
			dependencies = (
			);
			name = StashCoach;
			productName = StashCoach;
			productReference = 9FFF8E3A221DF2D9004B190B /* StashCoach.app */;
			productType = "com.apple.product-type.application";
		};
		9FFF8E4D221DF2DA004B190B /* StashCoachTests */ = {
			isa = PBXNativeTarget;
			buildConfigurationList = 9FFF8E65221DF2DA004B190B /* Build configuration list for PBXNativeTarget "StashCoachTests" */;
			buildPhases = (
				615E3AB30C527016D2C459C9 /* [CP] Check Pods Manifest.lock */,
				9FFF8E4A221DF2DA004B190B /* Sources */,
				9FFF8E4B221DF2DA004B190B /* Frameworks */,
				9FFF8E4C221DF2DA004B190B /* Resources */,
				9FFF8E8C221E74E4004B190B /* ShellScript */,
			);
			buildRules = (
			);
			dependencies = (
				9FFF8E50221DF2DA004B190B /* PBXTargetDependency */,
			);
			name = StashCoachTests;
			productName = StashCoachTests;
			productReference = 9FFF8E4E221DF2DA004B190B /* StashCoachTests.xctest */;
			productType = "com.apple.product-type.bundle.unit-test";
		};
		9FFF8E58221DF2DA004B190B /* StashCoachUITests */ = {
			isa = PBXNativeTarget;
			buildConfigurationList = 9FFF8E68221DF2DA004B190B /* Build configuration list for PBXNativeTarget "StashCoachUITests" */;
			buildPhases = (
				5BEB82B3DEFEE0D0ED00B292 /* [CP] Check Pods Manifest.lock */,
				9FFF8E55221DF2DA004B190B /* Sources */,
				9FFF8E56221DF2DA004B190B /* Frameworks */,
				9FFF8E57221DF2DA004B190B /* Resources */,
			);
			buildRules = (
			);
			dependencies = (
				9FFF8E5B221DF2DA004B190B /* PBXTargetDependency */,
			);
			name = StashCoachUITests;
			productName = StashCoachUITests;
			productReference = 9FFF8E59221DF2DA004B190B /* StashCoachUITests.xctest */;
			productType = "com.apple.product-type.bundle.ui-testing";
		};
/* End PBXNativeTarget section */

/* Begin PBXProject section */
		9FFF8E32221DF2D8004B190B /* Project object */ = {
			isa = PBXProject;
			attributes = {
				LastSwiftUpdateCheck = 1010;
				LastUpgradeCheck = 1010;
				ORGANIZATIONNAME = abhinay;
				TargetAttributes = {
					9FFF8E39221DF2D8004B190B = {
						CreatedOnToolsVersion = 10.1;
					};
					9FFF8E4D221DF2DA004B190B = {
						CreatedOnToolsVersion = 10.1;
						TestTargetID = 9FFF8E39221DF2D8004B190B;
					};
					9FFF8E58221DF2DA004B190B = {
						CreatedOnToolsVersion = 10.1;
						TestTargetID = 9FFF8E39221DF2D8004B190B;
					};
				};
			};
			buildConfigurationList = 9FFF8E35221DF2D8004B190B /* Build configuration list for PBXProject "StashCoach" */;
			compatibilityVersion = "Xcode 9.3";
			developmentRegion = en;
			hasScannedForEncodings = 0;
			knownRegions = (
				en,
				Base,
			);
			mainGroup = 9FFF8E31221DF2D8004B190B;
			productRefGroup = 9FFF8E3B221DF2D9004B190B /* Products */;
			projectDirPath = "";
			projectRoot = "";
			targets = (
				9FFF8E39221DF2D8004B190B /* StashCoach */,
				9FFF8E4D221DF2DA004B190B /* StashCoachTests */,
				9FFF8E58221DF2DA004B190B /* StashCoachUITests */,
			);
		};
/* End PBXProject section */

/* Begin PBXResourcesBuildPhase section */
		9FFF8E38221DF2D8004B190B /* Resources */ = {
			isa = PBXResourcesBuildPhase;
			buildActionMask = 2147483647;
			files = (
				9FFF8E6E221DF370004B190B /* achievements.json in Resources */,
				9FFF8E80221E051B004B190B /* Default-568h@2x.png in Resources */,
				9FFF8E8A221E0CB6004B190B /* AchievementCollectionViewCell.xib in Resources */,
				9FFF8E48221DF2DA004B190B /* LaunchScreen.storyboard in Resources */,
				9FFF8E45221DF2DA004B190B /* Assets.xcassets in Resources */,
			);
			runOnlyForDeploymentPostprocessing = 0;
		};
		9FFF8E4C221DF2DA004B190B /* Resources */ = {
			isa = PBXResourcesBuildPhase;
			buildActionMask = 2147483647;
			files = (
			);
			runOnlyForDeploymentPostprocessing = 0;
		};
		9FFF8E57221DF2DA004B190B /* Resources */ = {
			isa = PBXResourcesBuildPhase;
			buildActionMask = 2147483647;
			files = (
			);
			runOnlyForDeploymentPostprocessing = 0;
		};
/* End PBXResourcesBuildPhase section */

/* Begin PBXShellScriptBuildPhase section */
		1A9E89BB627D230BC11FC054 /* [CP] Check Pods Manifest.lock */ = {
			isa = PBXShellScriptBuildPhase;
			buildActionMask = 2147483647;
			files = (
			);
			inputFileListPaths = (
			);
			inputPaths = (
				"${PODS_PODFILE_DIR_PATH}/Podfile.lock",
				"${PODS_ROOT}/Manifest.lock",
			);
			name = "[CP] Check Pods Manifest.lock";
			outputFileListPaths = (
			);
			outputPaths = (
				"$(DERIVED_FILE_DIR)/Pods-StashCoach-checkManifestLockResult.txt",
			);
			runOnlyForDeploymentPostprocessing = 0;
			shellPath = /bin/sh;
			shellScript = "diff \"${PODS_PODFILE_DIR_PATH}/Podfile.lock\" \"${PODS_ROOT}/Manifest.lock\" > /dev/null\nif [ $? != 0 ] ; then\n    # print error to STDERR\n    echo \"error: The sandbox is not in sync with the Podfile.lock. Run 'pod install' or update your CocoaPods installation.\" >&2\n    exit 1\nfi\n# This output is used by Xcode 'outputs' to avoid re-running this script phase.\necho \"SUCCESS\" > \"${SCRIPT_OUTPUT_FILE_0}\"\n";
			showEnvVarsInLog = 0;
		};
		5BEB82B3DEFEE0D0ED00B292 /* [CP] Check Pods Manifest.lock */ = {
			isa = PBXShellScriptBuildPhase;
			buildActionMask = 2147483647;
			files = (
			);
			inputFileListPaths = (
			);
			inputPaths = (
				"${PODS_PODFILE_DIR_PATH}/Podfile.lock",
				"${PODS_ROOT}/Manifest.lock",
			);
			name = "[CP] Check Pods Manifest.lock";
			outputFileListPaths = (
			);
			outputPaths = (
				"$(DERIVED_FILE_DIR)/Pods-StashCoachUITests-checkManifestLockResult.txt",
			);
			runOnlyForDeploymentPostprocessing = 0;
			shellPath = /bin/sh;
			shellScript = "diff \"${PODS_PODFILE_DIR_PATH}/Podfile.lock\" \"${PODS_ROOT}/Manifest.lock\" > /dev/null\nif [ $? != 0 ] ; then\n    # print error to STDERR\n    echo \"error: The sandbox is not in sync with the Podfile.lock. Run 'pod install' or update your CocoaPods installation.\" >&2\n    exit 1\nfi\n# This output is used by Xcode 'outputs' to avoid re-running this script phase.\necho \"SUCCESS\" > \"${SCRIPT_OUTPUT_FILE_0}\"\n";
			showEnvVarsInLog = 0;
		};
		615E3AB30C527016D2C459C9 /* [CP] Check Pods Manifest.lock */ = {
			isa = PBXShellScriptBuildPhase;
			buildActionMask = 2147483647;
			files = (
			);
			inputFileListPaths = (
			);
			inputPaths = (
				"${PODS_PODFILE_DIR_PATH}/Podfile.lock",
				"${PODS_ROOT}/Manifest.lock",
			);
			name = "[CP] Check Pods Manifest.lock";
			outputFileListPaths = (
			);
			outputPaths = (
				"$(DERIVED_FILE_DIR)/Pods-StashCoachTests-checkManifestLockResult.txt",
			);
			runOnlyForDeploymentPostprocessing = 0;
			shellPath = /bin/sh;
			shellScript = "diff \"${PODS_PODFILE_DIR_PATH}/Podfile.lock\" \"${PODS_ROOT}/Manifest.lock\" > /dev/null\nif [ $? != 0 ] ; then\n    # print error to STDERR\n    echo \"error: The sandbox is not in sync with the Podfile.lock. Run 'pod install' or update your CocoaPods installation.\" >&2\n    exit 1\nfi\n# This output is used by Xcode 'outputs' to avoid re-running this script phase.\necho \"SUCCESS\" > \"${SCRIPT_OUTPUT_FILE_0}\"\n";
			showEnvVarsInLog = 0;
		};
		9FFF8E8B221E74D7004B190B /* ShellScript */ = {
			isa = PBXShellScriptBuildPhase;
			buildActionMask = 2147483647;
			files = (
			);
			inputFileListPaths = (
			);
			inputPaths = (
			);
			outputFileListPaths = (
			);
			outputPaths = (
			);
			runOnlyForDeploymentPostprocessing = 0;
			shellPath = /bin/sh;
			shellScript = "# Type a script or drag a script file from your workspace to insert its path.\nif which swiftlint >/dev/null; then\nswiftlint\nelse\necho \"warning: SwiftLint not installed, download from https://github.com/realm/SwiftLint\"\nfi\n";
		};
		9FFF8E8C221E74E4004B190B /* ShellScript */ = {
			isa = PBXShellScriptBuildPhase;
			buildActionMask = 2147483647;
			files = (
			);
			inputFileListPaths = (
			);
			inputPaths = (
			);
			outputFileListPaths = (
			);
			outputPaths = (
			);
			runOnlyForDeploymentPostprocessing = 0;
			shellPath = /bin/sh;
			shellScript = "# Type a script or drag a script file from your workspace to insert its path.\nif which swiftlint >/dev/null; then\nswiftlint\nelse\necho \"warning: SwiftLint not installed, download from https://github.com/realm/SwiftLint\"\nfi\n";
		};
/* End PBXShellScriptBuildPhase section */

/* Begin PBXSourcesBuildPhase section */
		9FFF8E36221DF2D8004B190B /* Sources */ = {
			isa = PBXSourcesBuildPhase;
			buildActionMask = 2147483647;
			files = (
				9FFF8E7D221DF456004B190B /* AchievementsRouter.swift in Sources */,
				9FFF8E7B221DF448004B190B /* CoachModel.swift in Sources */,
				9FFF8E85221E0A31004B190B /* AchievementsContract.swift in Sources */,
				9FFF8E77221DF412004B190B /* AchievementsInteractor.swift in Sources */,
				9FFF8E75221DF3F8004B190B /* AchievementsViewController.swift in Sources */,
				9FFF8E83221E066D004B190B /* Util.swift in Sources */,
				9FFF8E79221DF426004B190B /* AchievementsPresenter.swift in Sources */,
				9FFF8E89221E0CB6004B190B /* AchievementCollectionViewCell.swift in Sources */,
				9FFF8E3E221DF2D9004B190B /* AppDelegate.swift in Sources */,
			);
			runOnlyForDeploymentPostprocessing = 0;
		};
		9FFF8E4A221DF2DA004B190B /* Sources */ = {
			isa = PBXSourcesBuildPhase;
			buildActionMask = 2147483647;
			files = (
				9FFF8E53221DF2DA004B190B /* StashCoachTests.swift in Sources */,
			);
			runOnlyForDeploymentPostprocessing = 0;
		};
		9FFF8E55221DF2DA004B190B /* Sources */ = {
			isa = PBXSourcesBuildPhase;
			buildActionMask = 2147483647;
			files = (
				9FFF8E5E221DF2DA004B190B /* StashCoachUITests.swift in Sources */,
			);
			runOnlyForDeploymentPostprocessing = 0;
		};
/* End PBXSourcesBuildPhase section */

/* Begin PBXTargetDependency section */
		9FFF8E50221DF2DA004B190B /* PBXTargetDependency */ = {
			isa = PBXTargetDependency;
			target = 9FFF8E39221DF2D8004B190B /* StashCoach */;
			targetProxy = 9FFF8E4F221DF2DA004B190B /* PBXContainerItemProxy */;
		};
		9FFF8E5B221DF2DA004B190B /* PBXTargetDependency */ = {
			isa = PBXTargetDependency;
			target = 9FFF8E39221DF2D8004B190B /* StashCoach */;
			targetProxy = 9FFF8E5A221DF2DA004B190B /* PBXContainerItemProxy */;
		};
/* End PBXTargetDependency section */

/* Begin PBXVariantGroup section */
		9FFF8E46221DF2DA004B190B /* LaunchScreen.storyboard */ = {
			isa = PBXVariantGroup;
			children = (
				9FFF8E47221DF2DA004B190B /* Base */,
			);
			name = LaunchScreen.storyboard;
			sourceTree = "<group>";
		};
/* End PBXVariantGroup section */

/* Begin XCBuildConfiguration section */
		9FFF8E60221DF2DA004B190B /* Debug */ = {
			isa = XCBuildConfiguration;
			buildSettings = {
				ALWAYS_SEARCH_USER_PATHS = NO;
				CLANG_ANALYZER_NONNULL = YES;
				CLANG_ANALYZER_NUMBER_OBJECT_CONVERSION = YES_AGGRESSIVE;
				CLANG_CXX_LANGUAGE_STANDARD = "gnu++14";
				CLANG_CXX_LIBRARY = "libc++";
				CLANG_ENABLE_MODULES = YES;
				CLANG_ENABLE_OBJC_ARC = YES;
				CLANG_ENABLE_OBJC_WEAK = YES;
				CLANG_WARN_BLOCK_CAPTURE_AUTORELEASING = YES;
				CLANG_WARN_BOOL_CONVERSION = YES;
				CLANG_WARN_COMMA = YES;
				CLANG_WARN_CONSTANT_CONVERSION = YES;
				CLANG_WARN_DEPRECATED_OBJC_IMPLEMENTATIONS = YES;
				CLANG_WARN_DIRECT_OBJC_ISA_USAGE = YES_ERROR;
				CLANG_WARN_DOCUMENTATION_COMMENTS = YES;
				CLANG_WARN_EMPTY_BODY = YES;
				CLANG_WARN_ENUM_CONVERSION = YES;
				CLANG_WARN_INFINITE_RECURSION = YES;
				CLANG_WARN_INT_CONVERSION = YES;
				CLANG_WARN_NON_LITERAL_NULL_CONVERSION = YES;
				CLANG_WARN_OBJC_IMPLICIT_RETAIN_SELF = YES;
				CLANG_WARN_OBJC_LITERAL_CONVERSION = YES;
				CLANG_WARN_OBJC_ROOT_CLASS = YES_ERROR;
				CLANG_WARN_RANGE_LOOP_ANALYSIS = YES;
				CLANG_WARN_STRICT_PROTOTYPES = YES;
				CLANG_WARN_SUSPICIOUS_MOVE = YES;
				CLANG_WARN_UNGUARDED_AVAILABILITY = YES_AGGRESSIVE;
				CLANG_WARN_UNREACHABLE_CODE = YES;
				CLANG_WARN__DUPLICATE_METHOD_MATCH = YES;
				CODE_SIGN_IDENTITY = "iPhone Developer";
				COPY_PHASE_STRIP = NO;
				DEBUG_INFORMATION_FORMAT = dwarf;
				ENABLE_STRICT_OBJC_MSGSEND = YES;
				ENABLE_TESTABILITY = YES;
				GCC_C_LANGUAGE_STANDARD = gnu11;
				GCC_DYNAMIC_NO_PIC = NO;
				GCC_NO_COMMON_BLOCKS = YES;
				GCC_OPTIMIZATION_LEVEL = 0;
				GCC_PREPROCESSOR_DEFINITIONS = (
					"DEBUG=1",
					"$(inherited)",
				);
				GCC_WARN_64_TO_32_BIT_CONVERSION = YES;
				GCC_WARN_ABOUT_RETURN_TYPE = YES_ERROR;
				GCC_WARN_UNDECLARED_SELECTOR = YES;
				GCC_WARN_UNINITIALIZED_AUTOS = YES_AGGRESSIVE;
				GCC_WARN_UNUSED_FUNCTION = YES;
				GCC_WARN_UNUSED_VARIABLE = YES;
				IPHONEOS_DEPLOYMENT_TARGET = 12.1;
				MTL_ENABLE_DEBUG_INFO = INCLUDE_SOURCE;
				MTL_FAST_MATH = YES;
				ONLY_ACTIVE_ARCH = YES;
				SDKROOT = iphoneos;
				SWIFT_ACTIVE_COMPILATION_CONDITIONS = DEBUG;
				SWIFT_OPTIMIZATION_LEVEL = "-Onone";
			};
			name = Debug;
		};
		9FFF8E61221DF2DA004B190B /* Release */ = {
			isa = XCBuildConfiguration;
			buildSettings = {
				ALWAYS_SEARCH_USER_PATHS = NO;
				CLANG_ANALYZER_NONNULL = YES;
				CLANG_ANALYZER_NUMBER_OBJECT_CONVERSION = YES_AGGRESSIVE;
				CLANG_CXX_LANGUAGE_STANDARD = "gnu++14";
				CLANG_CXX_LIBRARY = "libc++";
				CLANG_ENABLE_MODULES = YES;
				CLANG_ENABLE_OBJC_ARC = YES;
				CLANG_ENABLE_OBJC_WEAK = YES;
				CLANG_WARN_BLOCK_CAPTURE_AUTORELEASING = YES;
				CLANG_WARN_BOOL_CONVERSION = YES;
				CLANG_WARN_COMMA = YES;
				CLANG_WARN_CONSTANT_CONVERSION = YES;
				CLANG_WARN_DEPRECATED_OBJC_IMPLEMENTATIONS = YES;
				CLANG_WARN_DIRECT_OBJC_ISA_USAGE = YES_ERROR;
				CLANG_WARN_DOCUMENTATION_COMMENTS = YES;
				CLANG_WARN_EMPTY_BODY = YES;
				CLANG_WARN_ENUM_CONVERSION = YES;
				CLANG_WARN_INFINITE_RECURSION = YES;
				CLANG_WARN_INT_CONVERSION = YES;
				CLANG_WARN_NON_LITERAL_NULL_CONVERSION = YES;
				CLANG_WARN_OBJC_IMPLICIT_RETAIN_SELF = YES;
				CLANG_WARN_OBJC_LITERAL_CONVERSION = YES;
				CLANG_WARN_OBJC_ROOT_CLASS = YES_ERROR;
				CLANG_WARN_RANGE_LOOP_ANALYSIS = YES;
				CLANG_WARN_STRICT_PROTOTYPES = YES;
				CLANG_WARN_SUSPICIOUS_MOVE = YES;
				CLANG_WARN_UNGUARDED_AVAILABILITY = YES_AGGRESSIVE;
				CLANG_WARN_UNREACHABLE_CODE = YES;
				CLANG_WARN__DUPLICATE_METHOD_MATCH = YES;
				CODE_SIGN_IDENTITY = "iPhone Developer";
				COPY_PHASE_STRIP = NO;
				DEBUG_INFORMATION_FORMAT = "dwarf-with-dsym";
				ENABLE_NS_ASSERTIONS = NO;
				ENABLE_STRICT_OBJC_MSGSEND = YES;
				GCC_C_LANGUAGE_STANDARD = gnu11;
				GCC_NO_COMMON_BLOCKS = YES;
				GCC_WARN_64_TO_32_BIT_CONVERSION = YES;
				GCC_WARN_ABOUT_RETURN_TYPE = YES_ERROR;
				GCC_WARN_UNDECLARED_SELECTOR = YES;
				GCC_WARN_UNINITIALIZED_AUTOS = YES_AGGRESSIVE;
				GCC_WARN_UNUSED_FUNCTION = YES;
				GCC_WARN_UNUSED_VARIABLE = YES;
				IPHONEOS_DEPLOYMENT_TARGET = 12.1;
				MTL_ENABLE_DEBUG_INFO = NO;
				MTL_FAST_MATH = YES;
				SDKROOT = iphoneos;
				SWIFT_COMPILATION_MODE = wholemodule;
				SWIFT_OPTIMIZATION_LEVEL = "-O";
				VALIDATE_PRODUCT = YES;
			};
			name = Release;
		};
		9FFF8E63221DF2DA004B190B /* Debug */ = {
			isa = XCBuildConfiguration;
			baseConfigurationReference = 4FB7E5962373E0961E9EEFE9 /* Pods-StashCoach.debug.xcconfig */;
			buildSettings = {
				ASSETCATALOG_COMPILER_APPICON_NAME = AppIcon;
				CODE_SIGN_STYLE = Automatic;
				DEVELOPMENT_TEAM = 34H4VK3UZ5;
				INFOPLIST_FILE = "$(SRCROOT)/App_Resources/Info.plist";
				LD_RUNPATH_SEARCH_PATHS = (
					"$(inherited)",
					"@executable_path/Frameworks",
				);
				PRODUCT_BUNDLE_IDENTIFIER = com.abhinay.StashCoach;
				PRODUCT_NAME = "$(TARGET_NAME)";
				SWIFT_VERSION = 4.2;
				TARGETED_DEVICE_FAMILY = "1,2";
			};
			name = Debug;
		};
		9FFF8E64221DF2DA004B190B /* Release */ = {
			isa = XCBuildConfiguration;
			baseConfigurationReference = 1384E4BB8CA7BCA7F6B24BC3 /* Pods-StashCoach.release.xcconfig */;
			buildSettings = {
				ASSETCATALOG_COMPILER_APPICON_NAME = AppIcon;
				CODE_SIGN_STYLE = Automatic;
				DEVELOPMENT_TEAM = 34H4VK3UZ5;
				INFOPLIST_FILE = "$(SRCROOT)/App_Resources/Info.plist";
				LD_RUNPATH_SEARCH_PATHS = (
					"$(inherited)",
					"@executable_path/Frameworks",
				);
				PRODUCT_BUNDLE_IDENTIFIER = com.abhinay.StashCoach;
				PRODUCT_NAME = "$(TARGET_NAME)";
				SWIFT_VERSION = 4.2;
				TARGETED_DEVICE_FAMILY = "1,2";
			};
			name = Release;
		};
		9FFF8E66221DF2DA004B190B /* Debug */ = {
			isa = XCBuildConfiguration;
			baseConfigurationReference = 565C5EEBAFFD915311C3AA56 /* Pods-StashCoachTests.debug.xcconfig */;
			buildSettings = {
				BUNDLE_LOADER = "$(TEST_HOST)";
				CODE_SIGN_STYLE = Automatic;
				DEVELOPMENT_TEAM = 34H4VK3UZ5;
				INFOPLIST_FILE = StashCoachTests/Info.plist;
				LD_RUNPATH_SEARCH_PATHS = (
					"$(inherited)",
					"@executable_path/Frameworks",
					"@loader_path/Frameworks",
				);
				PRODUCT_BUNDLE_IDENTIFIER = com.abhinay.StashCoachTests;
				PRODUCT_NAME = "$(TARGET_NAME)";
				SWIFT_VERSION = 4.2;
				TARGETED_DEVICE_FAMILY = "1,2";
				TEST_HOST = "$(BUILT_PRODUCTS_DIR)/StashCoach.app/StashCoach";
			};
			name = Debug;
		};
		9FFF8E67221DF2DA004B190B /* Release */ = {
			isa = XCBuildConfiguration;
			baseConfigurationReference = 75BE340B6B85CD2B88FE9A7D /* Pods-StashCoachTests.release.xcconfig */;
			buildSettings = {
				BUNDLE_LOADER = "$(TEST_HOST)";
				CODE_SIGN_STYLE = Automatic;
				DEVELOPMENT_TEAM = 34H4VK3UZ5;
				INFOPLIST_FILE = StashCoachTests/Info.plist;
				LD_RUNPATH_SEARCH_PATHS = (
					"$(inherited)",
					"@executable_path/Frameworks",
					"@loader_path/Frameworks",
				);
				PRODUCT_BUNDLE_IDENTIFIER = com.abhinay.StashCoachTests;
				PRODUCT_NAME = "$(TARGET_NAME)";
				SWIFT_VERSION = 4.2;
				TARGETED_DEVICE_FAMILY = "1,2";
				TEST_HOST = "$(BUILT_PRODUCTS_DIR)/StashCoach.app/StashCoach";
			};
			name = Release;
		};
		9FFF8E69221DF2DA004B190B /* Debug */ = {
			isa = XCBuildConfiguration;
			baseConfigurationReference = 90BD8E3E70F6FA3278BE3BC7 /* Pods-StashCoachUITests.debug.xcconfig */;
			buildSettings = {
				ALWAYS_EMBED_SWIFT_STANDARD_LIBRARIES = YES;
				CODE_SIGN_STYLE = Automatic;
				DEVELOPMENT_TEAM = 34H4VK3UZ5;
				INFOPLIST_FILE = StashCoachUITests/Info.plist;
				LD_RUNPATH_SEARCH_PATHS = (
					"$(inherited)",
					"@executable_path/Frameworks",
					"@loader_path/Frameworks",
				);
				PRODUCT_BUNDLE_IDENTIFIER = com.abhinay.StashCoachUITests;
				PRODUCT_NAME = "$(TARGET_NAME)";
				SWIFT_VERSION = 4.2;
				TARGETED_DEVICE_FAMILY = "1,2";
				TEST_TARGET_NAME = StashCoach;
			};
			name = Debug;
		};
		9FFF8E6A221DF2DA004B190B /* Release */ = {
			isa = XCBuildConfiguration;
			baseConfigurationReference = 53C745D6444536E2783ED144 /* Pods-StashCoachUITests.release.xcconfig */;
			buildSettings = {
				ALWAYS_EMBED_SWIFT_STANDARD_LIBRARIES = YES;
				CODE_SIGN_STYLE = Automatic;
				DEVELOPMENT_TEAM = 34H4VK3UZ5;
				INFOPLIST_FILE = StashCoachUITests/Info.plist;
				LD_RUNPATH_SEARCH_PATHS = (
					"$(inherited)",
					"@executable_path/Frameworks",
					"@loader_path/Frameworks",
				);
				PRODUCT_BUNDLE_IDENTIFIER = com.abhinay.StashCoachUITests;
				PRODUCT_NAME = "$(TARGET_NAME)";
				SWIFT_VERSION = 4.2;
				TARGETED_DEVICE_FAMILY = "1,2";
				TEST_TARGET_NAME = StashCoach;
			};
			name = Release;
		};
/* End XCBuildConfiguration section */

/* Begin XCConfigurationList section */
		9FFF8E35221DF2D8004B190B /* Build configuration list for PBXProject "StashCoach" */ = {
			isa = XCConfigurationList;
			buildConfigurations = (
				9FFF8E60221DF2DA004B190B /* Debug */,
				9FFF8E61221DF2DA004B190B /* Release */,
			);
			defaultConfigurationIsVisible = 0;
			defaultConfigurationName = Release;
		};
		9FFF8E62221DF2DA004B190B /* Build configuration list for PBXNativeTarget "StashCoach" */ = {
			isa = XCConfigurationList;
			buildConfigurations = (
				9FFF8E63221DF2DA004B190B /* Debug */,
				9FFF8E64221DF2DA004B190B /* Release */,
			);
			defaultConfigurationIsVisible = 0;
			defaultConfigurationName = Release;
		};
		9FFF8E65221DF2DA004B190B /* Build configuration list for PBXNativeTarget "StashCoachTests" */ = {
			isa = XCConfigurationList;
			buildConfigurations = (
				9FFF8E66221DF2DA004B190B /* Debug */,
				9FFF8E67221DF2DA004B190B /* Release */,
			);
			defaultConfigurationIsVisible = 0;
			defaultConfigurationName = Release;
		};
		9FFF8E68221DF2DA004B190B /* Build configuration list for PBXNativeTarget "StashCoachUITests" */ = {
			isa = XCConfigurationList;
			buildConfigurations = (
				9FFF8E69221DF2DA004B190B /* Debug */,
				9FFF8E6A221DF2DA004B190B /* Release */,
			);
			defaultConfigurationIsVisible = 0;
			defaultConfigurationName = Release;
		};
/* End XCConfigurationList section */
	};
	rootObject = 9FFF8E32221DF2D8004B190B /* Project object */;
}
